
Microsoft Visual Studio Solution File, Format Version 12.00
# Visual Studio Version 17
VisualStudioVersion = 17.0.31903.59
MinimumVisualStudioVersion = 10.0.40219.1
Project("{2150E333-8FDC-42A3-9474-1A3956D46DE8}") = "src", "src", "{827E0CD3-B72D-47B6-A68D-7590B98EB39B}"
EndProject
Project("{FAE04EC0-301F-11D3-BF4B-00C04F79EFBC}") = "LoanApp.Application", "src\LoanApp.Application\LoanApp.Application.csproj", "{210FB32F-9694-4495-9132-D558AD477FF6}"
EndProject
Project("{FAE04EC0-301F-11D3-BF4B-00C04F79EFBC}") = "LoanApp.Infrastructure", "src\LoanApp.Infrastructure\LoanApp.Infrastructure.csproj", "{65D89D65-C4B5-4868-80DD-53298B8BC116}"
EndProject
Project("{FAE04EC0-301F-11D3-BF4B-00C04F79EFBC}") = "LoanApp.Api", "src\LoanApp.Api\LoanApp.Api.csproj", "{DCD5FB8B-A9AC-4562-B3CA-198F256E72F2}"
EndProject
Project("{FAE04EC0-301F-11D3-BF4B-00C04F79EFBC}") = "LoanApp.BankCore.Simulator", "src\LoanApp.BankCore.Simulator\LoanApp.BankCore.Simulator.csproj", "{37892DF0-4E71-43B7-9D8D-0C439551F7C8}"
EndProject
Project("{FAE04EC0-301F-11D3-BF4B-00C04F79EFBC}") = "LoanApp.Functions", "src\LoanApp.Functions\LoanApp.Functions.csproj", "{F7C66395-D00E-4B0D-B192-5CA7F2D0D8CA}"
EndProject
Global
	GlobalSection(SolutionConfigurationPlatforms) = preSolution
		Debug|Any CPU = Debug|Any CPU
		Debug|x64 = Debug|x64
		Debug|x86 = Debug|x86
		Release|Any CPU = Release|Any CPU
		Release|x64 = Release|x64
		Release|x86 = Release|x86
	EndGlobalSection
	GlobalSection(ProjectConfigurationPlatforms) = postSolution
		{210FB32F-9694-4495-9132-D558AD477FF6}.Debug|Any CPU.ActiveCfg = Debug|Any CPU
		{210FB32F-9694-4495-9132-D558AD477FF6}.Debug|Any CPU.Build.0 = Debug|Any CPU
		{210FB32F-9694-4495-9132-D558AD477FF6}.Debug|x64.ActiveCfg = Debug|Any CPU
		{210FB32F-9694-4495-9132-D558AD477FF6}.Debug|x64.Build.0 = Debug|Any CPU
		{210FB32F-9694-4495-9132-D558AD477FF6}.Debug|x86.ActiveCfg = Debug|Any CPU
		{210FB32F-9694-4495-9132-D558AD477FF6}.Debug|x86.Build.0 = Debug|Any CPU
		{210FB32F-9694-4495-9132-D558AD477FF6}.Release|Any CPU.ActiveCfg = Release|Any CPU
		{210FB32F-9694-4495-9132-D558AD477FF6}.Release|Any CPU.Build.0 = Release|Any CPU
		{210FB32F-9694-4495-9132-D558AD477FF6}.Release|x64.ActiveCfg = Release|Any CPU
		{210FB32F-9694-4495-9132-D558AD477FF6}.Release|x64.Build.0 = Release|Any CPU
		{210FB32F-9694-4495-9132-D558AD477FF6}.Release|x86.ActiveCfg = Release|Any CPU
		{210FB32F-9694-4495-9132-D558AD477FF6}.Release|x86.Build.0 = Release|Any CPU
		{65D89D65-C4B5-4868-80DD-53298B8BC116}.Debug|Any CPU.ActiveCfg = Debug|Any CPU
		{65D89D65-C4B5-4868-80DD-53298B8BC116}.Debug|Any CPU.Build.0 = Debug|Any CPU
		{65D89D65-C4B5-4868-80DD-53298B8BC116}.Debug|x64.ActiveCfg = Debug|Any CPU
		{65D89D65-C4B5-4868-80DD-53298B8BC116}.Debug|x64.Build.0 = Debug|Any CPU
		{65D89D65-C4B5-4868-80DD-53298B8BC116}.Debug|x86.ActiveCfg = Debug|Any CPU
		{65D89D65-C4B5-4868-80DD-53298B8BC116}.Debug|x86.Build.0 = Debug|Any CPU
		{65D89D65-C4B5-4868-80DD-53298B8BC116}.Release|Any CPU.ActiveCfg = Release|Any CPU
		{65D89D65-C4B5-4868-80DD-53298B8BC116}.Release|Any CPU.Build.0 = Release|Any CPU
		{65D89D65-C4B5-4868-80DD-53298B8BC116}.Release|x64.ActiveCfg = Release|Any CPU
		{65D89D65-C4B5-4868-80DD-53298B8BC116}.Release|x64.Build.0 = Release|Any CPU
		{65D89D65-C4B5-4868-80DD-53298B8BC116}.Release|x86.ActiveCfg = Release|Any CPU
		{65D89D65-C4B5-4868-80DD-53298B8BC116}.Release|x86.Build.0 = Release|Any CPU
		{DCD5FB8B-A9AC-4562-B3CA-198F256E72F2}.Debug|Any CPU.ActiveCfg = Debug|Any CPU
		{DCD5FB8B-A9AC-4562-B3CA-198F256E72F2}.Debug|Any CPU.Build.0 = Debug|Any CPU
		{DCD5FB8B-A9AC-4562-B3CA-198F256E72F2}.Debug|x64.ActiveCfg = Debug|Any CPU
		{DCD5FB8B-A9AC-4562-B3CA-198F256E72F2}.Debug|x64.Build.0 = Debug|Any CPU
		{DCD5FB8B-A9AC-4562-B3CA-198F256E72F2}.Debug|x86.ActiveCfg = Debug|Any CPU
		{DCD5FB8B-A9AC-4562-B3CA-198F256E72F2}.Debug|x86.Build.0 = Debug|Any CPU
		{DCD5FB8B-A9AC-4562-B3CA-198F256E72F2}.Release|Any CPU.ActiveCfg = Release|Any CPU
		{DCD5FB8B-A9AC-4562-B3CA-198F256E72F2}.Release|Any CPU.Build.0 = Release|Any CPU
		{DCD5FB8B-A9AC-4562-B3CA-198F256E72F2}.Release|x64.ActiveCfg = Release|Any CPU
		{DCD5FB8B-A9AC-4562-B3CA-198F256E72F2}.Release|x64.Build.0 = Release|Any CPU
		{DCD5FB8B-A9AC-4562-B3CA-198F256E72F2}.Release|x86.ActiveCfg = Release|Any CPU
		{DCD5FB8B-A9AC-4562-B3CA-198F256E72F2}.Release|x86.Build.0 = Release|Any CPU
		{37892DF0-4E71-43B7-9D8D-0C439551F7C8}.Debug|Any CPU.ActiveCfg = Debug|Any CPU
		{37892DF0-4E71-43B7-9D8D-0C439551F7C8}.Debug|Any CPU.Build.0 = Debug|Any CPU
		{37892DF0-4E71-43B7-9D8D-0C439551F7C8}.Debug|x64.ActiveCfg = Debug|Any CPU
		{37892DF0-4E71-43B7-9D8D-0C439551F7C8}.Debug|x64.Build.0 = Debug|Any CPU
		{37892DF0-4E71-43B7-9D8D-0C439551F7C8}.Debug|x86.ActiveCfg = Debug|Any CPU
		{37892DF0-4E71-43B7-9D8D-0C439551F7C8}.Debug|x86.Build.0 = Debug|Any CPU
		{37892DF0-4E71-43B7-9D8D-0C439551F7C8}.Release|Any CPU.ActiveCfg = Release|Any CPU
		{37892DF0-4E71-43B7-9D8D-0C439551F7C8}.Release|Any CPU.Build.0 = Release|Any CPU
		{37892DF0-4E71-43B7-9D8D-0C439551F7C8}.Release|x64.ActiveCfg = Release|Any CPU
		{37892DF0-4E71-43B7-9D8D-0C439551F7C8}.Release|x64.Build.0 = Release|Any CPU
		{37892DF0-4E71-43B7-9D8D-0C439551F7C8}.Release|x86.ActiveCfg = Release|Any CPU
		{37892DF0-4E71-43B7-9D8D-0C439551F7C8}.Release|x86.Build.0 = Release|Any CPU
		{F7C66395-D00E-4B0D-B192-5CA7F2D0D8CA}.Debug|Any CPU.ActiveCfg = Debug|Any CPU
		{F7C66395-D00E-4B0D-B192-5CA7F2D0D8CA}.Debug|Any CPU.Build.0 = Debug|Any CPU
		{F7C66395-D00E-4B0D-B192-5CA7F2D0D8CA}.Debug|x64.ActiveCfg = Debug|Any CPU
		{F7C66395-D00E-4B0D-B192-5CA7F2D0D8CA}.Debug|x64.Build.0 = Debug|Any CPU
		{F7C66395-D00E-4B0D-B192-5CA7F2D0D8CA}.Debug|x86.ActiveCfg = Debug|Any CPU
		{F7C66395-D00E-4B0D-B192-5CA7F2D0D8CA}.Debug|x86.Build.0 = Debug|Any CPU
		{F7C66395-D00E-4B0D-B192-5CA7F2D0D8CA}.Release|Any CPU.ActiveCfg = Release|Any CPU
		{F7C66395-D00E-4B0D-B192-5CA7F2D0D8CA}.Release|Any CPU.Build.0 = Release|Any CPU
		{F7C66395-D00E-4B0D-B192-5CA7F2D0D8CA}.Release|x64.ActiveCfg = Release|Any CPU
		{F7C66395-D00E-4B0D-B192-5CA7F2D0D8CA}.Release|x64.Build.0 = Release|Any CPU
		{F7C66395-D00E-4B0D-B192-5CA7F2D0D8CA}.Release|x86.ActiveCfg = Release|Any CPU
		{F7C66395-D00E-4B0D-B192-5CA7F2D0D8CA}.Release|x86.Build.0 = Release|Any CPU
	EndGlobalSection
	GlobalSection(SolutionProperties) = preSolution
		HideSolutionNode = FALSE
	EndGlobalSection
	GlobalSection(NestedProjects) = preSolution
		{210FB32F-9694-4495-9132-D558AD477FF6} = {827E0CD3-B72D-47B6-A68D-7590B98EB39B}
		{65D89D65-C4B5-4868-80DD-53298B8BC116} = {827E0CD3-B72D-47B6-A68D-7590B98EB39B}
		{DCD5FB8B-A9AC-4562-B3CA-198F256E72F2} = {827E0CD3-B72D-47B6-A68D-7590B98EB39B}
		{37892DF0-4E71-43B7-9D8D-0C439551F7C8} = {827E0CD3-B72D-47B6-A68D-7590B98EB39B}
		{F7C66395-D00E-4B0D-B192-5CA7F2D0D8CA} = {827E0CD3-B72D-47B6-A68D-7590B98EB39B}
	EndGlobalSection
EndGlobal
